// !$*UTF8*$!
{
	archiveVersion = 1;
	classes = {
	};
	objectVersion = 56;
	objects = {

/* Begin PBXBuildFile section */
		41D24D922C6B84D8000B37E6 /* AppDelegate.swift in Sources */ = {isa = PBXBuildFile; fileRef = 41D24D912C6B84D8000B37E6 /* AppDelegate.swift */; };
		41D24D942C6B84D8000B37E6 /* SceneDelegate.swift in Sources */ = {isa = PBXBuildFile; fileRef = 41D24D932C6B84D8000B37E6 /* SceneDelegate.swift */; };
		41D24D962C6B84D8000B37E6 /* ViewController.swift in Sources */ = {isa = PBXBuildFile; fileRef = 41D24D952C6B84D8000B37E6 /* ViewController.swift */; };
		41D24D992C6B84D8000B37E6 /* Base in Resources */ = {isa = PBXBuildFile; fileRef = 41D24D982C6B84D8000B37E6 /* Base */; };
		41D24D9B2C6B84D9000B37E6 /* Assets.xcassets in Resources */ = {isa = PBXBuildFile; fileRef = 41D24D9A2C6B84D9000B37E6 /* Assets.xcassets */; };
		41D24D9E2C6B84D9000B37E6 /* Base in Resources */ = {isa = PBXBuildFile; fileRef = 41D24D9D2C6B84D9000B37E6 /* Base */; };
		41E0579F2C6FC405008BD023 /* Constants.swift in Sources */ = {isa = PBXBuildFile; fileRef = 41E0579E2C6FC405008BD023 /* Constants.swift */; };
		77CFB7660990D91D20DF6B17 /* Pods_MapNavigation.framework in Frameworks */ = {isa = PBXBuildFile; fileRef = D6AD545871B2D9370001A53F /* Pods_MapNavigation.framework */; };
/* End PBXBuildFile section */

/* Begin PBXFileReference section */
		41D24D8E2C6B84D8000B37E6 /* MapNavigation.app */ = {isa = PBXFileReference; explicitFileType = wrapper.application; includeInIndex = 0; path = MapNavigation.app; sourceTree = BUILT_PRODUCTS_DIR; };
		41D24D912C6B84D8000B37E6 /* AppDelegate.swift */ = {isa = PBXFileReference; lastKnownFileType = sourcecode.swift; path = AppDelegate.swift; sourceTree = "<group>"; };
		41D24D932C6B84D8000B37E6 /* SceneDelegate.swift */ = {isa = PBXFileReference; lastKnownFileType = sourcecode.swift; path = SceneDelegate.swift; sourceTree = "<group>"; };
		41D24D952C6B84D8000B37E6 /* ViewController.swift */ = {isa = PBXFileReference; lastKnownFileType = sourcecode.swift; path = ViewController.swift; sourceTree = "<group>"; };
		41D24D982C6B84D8000B37E6 /* Base */ = {isa = PBXFileReference; lastKnownFileType = file.storyboard; name = Base; path = Base.lproj/Main.storyboard; sourceTree = "<group>"; };
		41D24D9A2C6B84D9000B37E6 /* Assets.xcassets */ = {isa = PBXFileReference; lastKnownFileType = folder.assetcatalog; path = Assets.xcassets; sourceTree = "<group>"; };
		41D24D9D2C6B84D9000B37E6 /* Base */ = {isa = PBXFileReference; lastKnownFileType = file.storyboard; name = Base; path = Base.lproj/LaunchScreen.storyboard; sourceTree = "<group>"; };
		41D24D9F2C6B84D9000B37E6 /* Info.plist */ = {isa = PBXFileReference; lastKnownFileType = text.plist.xml; path = Info.plist; sourceTree = "<group>"; };
		41E0579E2C6FC405008BD023 /* Constants.swift */ = {isa = PBXFileReference; lastKnownFileType = sourcecode.swift; path = Constants.swift; sourceTree = "<group>"; };
		611ED83A7468E5E7FDEB6880 /* Pods-MapNavigation.release.xcconfig */ = {isa = PBXFileReference; includeInIndex = 1; lastKnownFileType = text.xcconfig; name = "Pods-MapNavigation.release.xcconfig"; path = "Target Support Files/Pods-MapNavigation/Pods-MapNavigation.release.xcconfig"; sourceTree = "<group>"; };
		D6AD545871B2D9370001A53F /* Pods_MapNavigation.framework */ = {isa = PBXFileReference; explicitFileType = wrapper.framework; includeInIndex = 0; path = Pods_MapNavigation.framework; sourceTree = BUILT_PRODUCTS_DIR; };
		FADAFF8DB665F7C9E5303756 /* Pods-MapNavigation.debug.xcconfig */ = {isa = PBXFileReference; includeInIndex = 1; lastKnownFileType = text.xcconfig; name = "Pods-MapNavigation.debug.xcconfig"; path = "Target Support Files/Pods-MapNavigation/Pods-MapNavigation.debug.xcconfig"; sourceTree = "<group>"; };
/* End PBXFileReference section */

/* Begin PBXFrameworksBuildPhase section */
		41D24D8B2C6B84D8000B37E6 /* Frameworks */ = {
			isa = PBXFrameworksBuildPhase;
			buildActionMask = 2147483647;
			files = (
				77CFB7660990D91D20DF6B17 /* Pods_MapNavigation.framework in Frameworks */,
			);
			runOnlyForDeploymentPostprocessing = 0;
		};
/* End PBXFrameworksBuildPhase section */

/* Begin PBXGroup section */
		41D24D852C6B84D8000B37E6 = {
			isa = PBXGroup;
			children = (
				41D24D902C6B84D8000B37E6 /* MapNavigation */,
				41D24D8F2C6B84D8000B37E6 /* Products */,
				A801DA527B1E5D204FA5BEBD /* Pods */,
				606618417F41BE3DF743B758 /* Frameworks */,
			);
			sourceTree = "<group>";
		};
		41D24D8F2C6B84D8000B37E6 /* Products */ = {
			isa = PBXGroup;
			children = (
				41D24D8E2C6B84D8000B37E6 /* MapNavigation.app */,
			);
			name = Products;
			sourceTree = "<group>";
		};
		41D24D902C6B84D8000B37E6 /* MapNavigation */ = {
			isa = PBXGroup;
			children = (
				41D24D912C6B84D8000B37E6 /* AppDelegate.swift */,
				41D24D932C6B84D8000B37E6 /* SceneDelegate.swift */,
				41E0579E2C6FC405008BD023 /* Constants.swift */,
				41D24D952C6B84D8000B37E6 /* ViewController.swift */,
				41D24D972C6B84D8000B37E6 /* Main.storyboard */,
				41D24D9A2C6B84D9000B37E6 /* Assets.xcassets */,
				41D24D9C2C6B84D9000B37E6 /* LaunchScreen.storyboard */,
				41D24D9F2C6B84D9000B37E6 /* Info.plist */,
			);
			path = MapNavigation;
			sourceTree = "<group>";
		};
		606618417F41BE3DF743B758 /* Frameworks */ = {
			isa = PBXGroup;
			children = (
				D6AD545871B2D9370001A53F /* Pods_MapNavigation.framework */,
			);
			name = Frameworks;
			sourceTree = "<group>";
		};
		A801DA527B1E5D204FA5BEBD /* Pods */ = {
			isa = PBXGroup;
			children = (
				FADAFF8DB665F7C9E5303756 /* Pods-MapNavigation.debug.xcconfig */,
				611ED83A7468E5E7FDEB6880 /* Pods-MapNavigation.release.xcconfig */,
			);
			path = Pods;
			sourceTree = "<group>";
		};
/* End PBXGroup section */

/* Begin PBXNativeTarget section */
		41D24D8D2C6B84D8000B37E6 /* MapNavigation */ = {
			isa = PBXNativeTarget;
			buildConfigurationList = 41D24DA22C6B84D9000B37E6 /* Build configuration list for PBXNativeTarget "MapNavigation" */;
			buildPhases = (
				016CC026D6329888CD36EB5C /* [CP] Check Pods Manifest.lock */,
				41D24D8A2C6B84D8000B37E6 /* Sources */,
				41D24D8B2C6B84D8000B37E6 /* Frameworks */,
				41D24D8C2C6B84D8000B37E6 /* Resources */,
				0404098A255577A5177224D2 /* [CP] Copy Pods Resources */,
				2FDAAC2A604FBAA45BC609A0 /* [CP] Embed Pods Frameworks */,
			);
			buildRules = (
			);
			dependencies = (
			);
			name = MapNavigation;
			productName = MapNavigation;
			productReference = 41D24D8E2C6B84D8000B37E6 /* MapNavigation.app */;
			productType = "com.apple.product-type.application";
		};
/* End PBXNativeTarget section */

/* Begin PBXProject section */
		41D24D862C6B84D8000B37E6 /* Project object */ = {
			isa = PBXProject;
			attributes = {
				BuildIndependentTargetsInParallel = 1;
				LastSwiftUpdateCheck = 1540;
				LastUpgradeCheck = 1540;
				TargetAttributes = {
					41D24D8D2C6B84D8000B37E6 = {
						CreatedOnToolsVersion = 15.4;
					};
				};
			};
			buildConfigurationList = 41D24D892C6B84D8000B37E6 /* Build configuration list for PBXProject "MapNavigation" */;
			compatibilityVersion = "Xcode 14.0";
			developmentRegion = en;
			hasScannedForEncodings = 0;
			knownRegions = (
				en,
				Base,
			);
			mainGroup = 41D24D852C6B84D8000B37E6;
			productRefGroup = 41D24D8F2C6B84D8000B37E6 /* Products */;
			projectDirPath = "";
			projectRoot = "";
			targets = (
				41D24D8D2C6B84D8000B37E6 /* MapNavigation */,
			);
		};
/* End PBXProject section */

/* Begin PBXResourcesBuildPhase section */
		41D24D8C2C6B84D8000B37E6 /* Resources */ = {
			isa = PBXResourcesBuildPhase;
			buildActionMask = 2147483647;
			files = (
				41D24D9B2C6B84D9000B37E6 /* Assets.xcassets in Resources */,
				41D24D9E2C6B84D9000B37E6 /* Base in Resources */,
				41D24D992C6B84D8000B37E6 /* Base in Resources */,
			);
			runOnlyForDeploymentPostprocessing = 0;
		};
/* End PBXResourcesBuildPhase section */

/* Begin PBXShellScriptBuildPhase section */
		016CC026D6329888CD36EB5C /* [CP] Check Pods Manifest.lock */ = {
			isa = PBXShellScriptBuildPhase;
			buildActionMask = 2147483647;
			files = (
			);
			inputFileListPaths = (
			);
			inputPaths = (
				"${PODS_PODFILE_DIR_PATH}/Podfile.lock",
				"${PODS_ROOT}/Manifest.lock",
			);
			name = "[CP] Check Pods Manifest.lock";
			outputFileListPaths = (
			);
			outputPaths = (
				"$(DERIVED_FILE_DIR)/Pods-MapNavigation-checkManifestLockResult.txt",
			);
			runOnlyForDeploymentPostprocessing = 0;
			shellPath = /bin/sh;
			shellScript = "diff \"${PODS_PODFILE_DIR_PATH}/Podfile.lock\" \"${PODS_ROOT}/Manifest.lock\" > /dev/null\nif [ $? != 0 ] ; then\n    # print error to STDERR\n    echo \"error: The sandbox is not in sync with the Podfile.lock. Run 'pod install' or update your CocoaPods installation.\" >&2\n    exit 1\nfi\n# This output is used by Xcode 'outputs' to avoid re-running this script phase.\necho \"SUCCESS\" > \"${SCRIPT_OUTPUT_FILE_0}\"\n";
			showEnvVarsInLog = 0;
		};
		0404098A255577A5177224D2 /* [CP] Copy Pods Resources */ = {
			isa = PBXShellScriptBuildPhase;
			buildActionMask = 2147483647;
			files = (
			);
			inputFileListPaths = (
				"${PODS_ROOT}/Target Support Files/Pods-MapNavigation/Pods-MapNavigation-resources-${CONFIGURATION}-input-files.xcfilelist",
			);
			name = "[CP] Copy Pods Resources";
			outputFileListPaths = (
				"${PODS_ROOT}/Target Support Files/Pods-MapNavigation/Pods-MapNavigation-resources-${CONFIGURATION}-output-files.xcfilelist",
			);
			runOnlyForDeploymentPostprocessing = 0;
			shellPath = /bin/sh;
			shellScript = "\"${PODS_ROOT}/Target Support Files/Pods-MapNavigation/Pods-MapNavigation-resources.sh\"\n";
			showEnvVarsInLog = 0;
		};
		2FDAAC2A604FBAA45BC609A0 /* [CP] Embed Pods Frameworks */ = {
			isa = PBXShellScriptBuildPhase;
			buildActionMask = 2147483647;
			files = (
			);
			inputFileListPaths = (
				"${PODS_ROOT}/Target Support Files/Pods-MapNavigation/Pods-MapNavigation-frameworks-${CONFIGURATION}-input-files.xcfilelist",
			);
			name = "[CP] Embed Pods Frameworks";
			outputFileListPaths = (
				"${PODS_ROOT}/Target Support Files/Pods-MapNavigation/Pods-MapNavigation-frameworks-${CONFIGURATION}-output-files.xcfilelist",
			);
			runOnlyForDeploymentPostprocessing = 0;
			shellPath = /bin/sh;
			shellScript = "\"${PODS_ROOT}/Target Support Files/Pods-MapNavigation/Pods-MapNavigation-frameworks.sh\"\n";
			showEnvVarsInLog = 0;
		};
/* End PBXShellScriptBuildPhase section */

/* Begin PBXSourcesBuildPhase section */
		41D24D8A2C6B84D8000B37E6 /* Sources */ = {
			isa = PBXSourcesBuildPhase;
			buildActionMask = 2147483647;
			files = (
				41D24D962C6B84D8000B37E6 /* ViewController.swift in Sources */,
				41D24D922C6B84D8000B37E6 /* AppDelegate.swift in Sources */,
				41D24D942C6B84D8000B37E6 /* SceneDelegate.swift in Sources */,
				41E0579F2C6FC405008BD023 /* Constants.swift in Sources */,
			);
			runOnlyForDeploymentPostprocessing = 0;
		};
/* End PBXSourcesBuildPhase section */

/* Begin PBXVariantGroup section */
		41D24D972C6B84D8000B37E6 /* Main.storyboard */ = {
			isa = PBXVariantGroup;
			children = (
				41D24D982C6B84D8000B37E6 /* Base */,
			);
			name = Main.storyboard;
			sourceTree = "<group>";
		};
		41D24D9C2C6B84D9000B37E6 /* LaunchScreen.storyboard */ = {
			isa = PBXVariantGroup;
			children = (
				41D24D9D2C6B84D9000B37E6 /* Base */,
			);
			name = LaunchScreen.storyboard;
			sourceTree = "<group>";
		};
/* End PBXVariantGroup section */

/* Begin XCBuildConfiguration section */
		41D24DA02C6B84D9000B37E6 /* Debug */ = {
			isa = XCBuildConfiguration;
			buildSettings = {
				ALWAYS_SEARCH_USER_PATHS = NO;
				ASSETCATALOG_COMPILER_GENERATE_SWIFT_ASSET_SYMBOL_EXTENSIONS = YES;
				CLANG_ANALYZER_NONNULL = YES;
				CLANG_ANALYZER_NUMBER_OBJECT_CONVERSION = YES_AGGRESSIVE;
				CLANG_CXX_LANGUAGE_STANDARD = "gnu++20";
				CLANG_ENABLE_MODULES = YES;
				CLANG_ENABLE_OBJC_ARC = YES;
				CLANG_ENABLE_OBJC_WEAK = YES;
				CLANG_WARN_BLOCK_CAPTURE_AUTORELEASING = YES;
				CLANG_WARN_BOOL_CONVERSION = YES;
				CLANG_WARN_COMMA = YES;
				CLANG_WARN_CONSTANT_CONVERSION = YES;
				CLANG_WARN_DEPRECATED_OBJC_IMPLEMENTATIONS = YES;
				CLANG_WARN_DIRECT_OBJC_ISA_USAGE = YES_ERROR;
				CLANG_WARN_DOCUMENTATION_COMMENTS = YES;
				CLANG_WARN_EMPTY_BODY = YES;
				CLANG_WARN_ENUM_CONVERSION = YES;
				CLANG_WARN_INFINITE_RECURSION = YES;
				CLANG_WARN_INT_CONVERSION = YES;
				CLANG_WARN_NON_LITERAL_NULL_CONVERSION = YES;
				CLANG_WARN_OBJC_IMPLICIT_RETAIN_SELF = YES;
				CLANG_WARN_OBJC_LITERAL_CONVERSION = YES;
				CLANG_WARN_OBJC_ROOT_CLASS = YES_ERROR;
				CLANG_WARN_QUOTED_INCLUDE_IN_FRAMEWORK_HEADER = YES;
				CLANG_WARN_RANGE_LOOP_ANALYSIS = YES;
				CLANG_WARN_STRICT_PROTOTYPES = YES;
				CLANG_WARN_SUSPICIOUS_MOVE = YES;
				CLANG_WARN_UNGUARDED_AVAILABILITY = YES_AGGRESSIVE;
				CLANG_WARN_UNREACHABLE_CODE = YES;
				CLANG_WARN__DUPLICATE_METHOD_MATCH = YES;
				COPY_PHASE_STRIP = NO;
				DEBUG_INFORMATION_FORMAT = dwarf;
				ENABLE_STRICT_OBJC_MSGSEND = YES;
				ENABLE_TESTABILITY = YES;
				ENABLE_USER_SCRIPT_SANDBOXING = YES;
				GCC_C_LANGUAGE_STANDARD = gnu17;
				GCC_DYNAMIC_NO_PIC = NO;
				GCC_NO_COMMON_BLOCKS = YES;
				GCC_OPTIMIZATION_LEVEL = 0;
				GCC_PREPROCESSOR_DEFINITIONS = (
					"DEBUG=1",
					"$(inherited)",
				);
				GCC_WARN_64_TO_32_BIT_CONVERSION = YES;
				GCC_WARN_ABOUT_RETURN_TYPE = YES_ERROR;
				GCC_WARN_UNDECLARED_SELECTOR = YES;
				GCC_WARN_UNINITIALIZED_AUTOS = YES_AGGRESSIVE;
				GCC_WARN_UNUSED_FUNCTION = YES;
				GCC_WARN_UNUSED_VARIABLE = YES;
				IPHONEOS_DEPLOYMENT_TARGET = 17.5;
				LOCALIZATION_PREFERS_STRING_CATALOGS = YES;
				MTL_ENABLE_DEBUG_INFO = INCLUDE_SOURCE;
				MTL_FAST_MATH = YES;
				ONLY_ACTIVE_ARCH = YES;
				SDKROOT = iphoneos;
				SWIFT_ACTIVE_COMPILATION_CONDITIONS = "DEBUG $(inherited)";
				SWIFT_OPTIMIZATION_LEVEL = "-Onone";
			};
			name = Debug;
		};
		41D24DA12C6B84D9000B37E6 /* Release */ = {
			isa = XCBuildConfiguration;
			buildSettings = {
				ALWAYS_SEARCH_USER_PATHS = NO;
				ASSETCATALOG_COMPILER_GENERATE_SWIFT_ASSET_SYMBOL_EXTENSIONS = YES;
				CLANG_ANALYZER_NONNULL = YES;
				CLANG_ANALYZER_NUMBER_OBJECT_CONVERSION = YES_AGGRESSIVE;
				CLANG_CXX_LANGUAGE_STANDARD = "gnu++20";
				CLANG_ENABLE_MODULES = YES;
				CLANG_ENABLE_OBJC_ARC = YES;
				CLANG_ENABLE_OBJC_WEAK = YES;
				CLANG_WARN_BLOCK_CAPTURE_AUTORELEASING = YES;
				CLANG_WARN_BOOL_CONVERSION = YES;
				CLANG_WARN_COMMA = YES;
				CLANG_WARN_CONSTANT_CONVERSION = YES;
				CLANG_WARN_DEPRECATED_OBJC_IMPLEMENTATIONS = YES;
				CLANG_WARN_DIRECT_OBJC_ISA_USAGE = YES_ERROR;
				CLANG_WARN_DOCUMENTATION_COMMENTS = YES;
				CLANG_WARN_EMPTY_BODY = YES;
				CLANG_WARN_ENUM_CONVERSION = YES;
				CLANG_WARN_INFINITE_RECURSION = YES;
				CLANG_WARN_INT_CONVERSION = YES;
				CLANG_WARN_NON_LITERAL_NULL_CONVERSION = YES;
				CLANG_WARN_OBJC_IMPLICIT_RETAIN_SELF = YES;
				CLANG_WARN_OBJC_LITERAL_CONVERSION = YES;
				CLANG_WARN_OBJC_ROOT_CLASS = YES_ERROR;
				CLANG_WARN_QUOTED_INCLUDE_IN_FRAMEWORK_HEADER = YES;
				CLANG_WARN_RANGE_LOOP_ANALYSIS = YES;
				CLANG_WARN_STRICT_PROTOTYPES = YES;
				CLANG_WARN_SUSPICIOUS_MOVE = YES;
				CLANG_WARN_UNGUARDED_AVAILABILITY = YES_AGGRESSIVE;
				CLANG_WARN_UNREACHABLE_CODE = YES;
				CLANG_WARN__DUPLICATE_METHOD_MATCH = YES;
				COPY_PHASE_STRIP = NO;
				DEBUG_INFORMATION_FORMAT = "dwarf-with-dsym";
				ENABLE_NS_ASSERTIONS = NO;
				ENABLE_STRICT_OBJC_MSGSEND = YES;
				ENABLE_USER_SCRIPT_SANDBOXING = YES;
				GCC_C_LANGUAGE_STANDARD = gnu17;
				GCC_NO_COMMON_BLOCKS = YES;
				GCC_WARN_64_TO_32_BIT_CONVERSION = YES;
				GCC_WARN_ABOUT_RETURN_TYPE = YES_ERROR;
				GCC_WARN_UNDECLARED_SELECTOR = YES;
				GCC_WARN_UNINITIALIZED_AUTOS = YES_AGGRESSIVE;
				GCC_WARN_UNUSED_FUNCTION = YES;
				GCC_WARN_UNUSED_VARIABLE = YES;
				IPHONEOS_DEPLOYMENT_TARGET = 17.5;
				LOCALIZATION_PREFERS_STRING_CATALOGS = YES;
				MTL_ENABLE_DEBUG_INFO = NO;
				MTL_FAST_MATH = YES;
				SDKROOT = iphoneos;
				SWIFT_COMPILATION_MODE = wholemodule;
				VALIDATE_PRODUCT = YES;
			};
			name = Release;
		};
		41D24DA32C6B84D9000B37E6 /* Debug */ = {
			isa = XCBuildConfiguration;
			baseConfigurationReference = FADAFF8DB665F7C9E5303756 /* Pods-MapNavigation.debug.xcconfig */;
			buildSettings = {
				ASSETCATALOG_COMPILER_APPICON_NAME = AppIcon;
				ASSETCATALOG_COMPILER_GLOBAL_ACCENT_COLOR_NAME = AccentColor;
				CODE_SIGN_STYLE = Automatic;
				CURRENT_PROJECT_VERSION = 1;
				DEVELOPMENT_TEAM = 636RJF6ZWY;
				ENABLE_USER_SCRIPT_SANDBOXING = NO;
				GENERATE_INFOPLIST_FILE = YES;
				INFOPLIST_FILE = MapNavigation/Info.plist;
				INFOPLIST_KEY_UIApplicationSupportsIndirectInputEvents = YES;
				INFOPLIST_KEY_UILaunchStoryboardName = LaunchScreen;
				INFOPLIST_KEY_UIMainStoryboardFile = Main;
				INFOPLIST_KEY_UISupportedInterfaceOrientations = UIInterfaceOrientationPortrait;
				IPHONEOS_DEPLOYMENT_TARGET = 13.0;
				LD_RUNPATH_SEARCH_PATHS = (
					"$(inherited)",
					"@executable_path/Frameworks",
				);
				MARKETING_VERSION = 1.0;
				PRODUCT_BUNDLE_IDENTIFIER = com.elaimy.MapNavigation;
				PRODUCT_NAME = "$(TARGET_NAME)";
				SWIFT_EMIT_LOC_STRINGS = YES;
				SWIFT_VERSION = 5.0;
				TARGETED_DEVICE_FAMILY = "1,2";
			};
			name = Debug;
		};
		41D24DA42C6B84D9000B37E6 /* Release */ = {
			isa = XCBuildConfiguration;
			baseConfigurationReference = 611ED83A7468E5E7FDEB6880 /* Pods-MapNavigation.release.xcconfig */;
			buildSettings = {
				ASSETCATALOG_COMPILER_APPICON_NAME = AppIcon;
				ASSETCATALOG_COMPILER_GLOBAL_ACCENT_COLOR_NAME = AccentColor;
				CODE_SIGN_STYLE = Automatic;
				CURRENT_PROJECT_VERSION = 1;
				DEVELOPMENT_TEAM = 636RJF6ZWY;
				ENABLE_USER_SCRIPT_SANDBOXING = NO;
				GENERATE_INFOPLIST_FILE = YES;
				INFOPLIST_FILE = MapNavigation/Info.plist;
				INFOPLIST_KEY_UIApplicationSupportsIndirectInputEvents = YES;
				INFOPLIST_KEY_UILaunchStoryboardName = LaunchScreen;
				INFOPLIST_KEY_UIMainStoryboardFile = Main;
				INFOPLIST_KEY_UISupportedInterfaceOrientations = UIInterfaceOrientationPortrait;
				IPHONEOS_DEPLOYMENT_TARGET = 13.0;
				LD_RUNPATH_SEARCH_PATHS = (
					"$(inherited)",
					"@executable_path/Frameworks",
				);
				MARKETING_VERSION = 1.0;
				PRODUCT_BUNDLE_IDENTIFIER = com.elaimy.MapNavigation;
				PRODUCT_NAME = "$(TARGET_NAME)";
				SWIFT_EMIT_LOC_STRINGS = YES;
				SWIFT_VERSION = 5.0;
				TARGETED_DEVICE_FAMILY = "1,2";
			};
			name = Release;
		};
/* End XCBuildConfiguration section */

/* Begin XCConfigurationList section */
		41D24D892C6B84D8000B37E6 /* Build configuration list for PBXProject "MapNavigation" */ = {
			isa = XCConfigurationList;
			buildConfigurations = (
				41D24DA02C6B84D9000B37E6 /* Debug */,
				41D24DA12C6B84D9000B37E6 /* Release */,
			);
			defaultConfigurationIsVisible = 0;
			defaultConfigurationName = Release;
		};
		41D24DA22C6B84D9000B37E6 /* Build configuration list for PBXNativeTarget "MapNavigation" */ = {
			isa = XCConfigurationList;
			buildConfigurations = (
				41D24DA32C6B84D9000B37E6 /* Debug */,
				41D24DA42C6B84D9000B37E6 /* Release */,
			);
			defaultConfigurationIsVisible = 0;
			defaultConfigurationName = Release;
		};
/* End XCConfigurationList section */
	};
	rootObject = 41D24D862C6B84D8000B37E6 /* Project object */;
}
